
Microsoft Visual Studio Solution File, Format Version 12.00
# Visual Studio Version 16
VisualStudioVersion = 16.0.31911.196
MinimumVisualStudioVersion = 10.0.40219.1
Project("{FAE04EC0-301F-11D3-BF4B-00C04F79EFBC}") = "angularInAsp", "angularInAsp\angularInAsp.csproj", "{BD2D7ED9-6EEF-42EE-816D-4B1C830A9AFA}"
EndProject
Global
	GlobalSection(SolutionConfigurationPlatforms) = preSolution
		Debug|Any CPU = Debug|Any CPU
		Release|Any CPU = Release|Any CPU
	EndGlobalSection
	GlobalSection(ProjectConfigurationPlatforms) = postSolution
		{BD2D7ED9-6EEF-42EE-816D-4B1C830A9AFA}.Debug|Any CPU.ActiveCfg = Debug|Any CPU
		{BD2D7ED9-6EEF-42EE-816D-4B1C830A9AFA}.Debug|Any CPU.Build.0 = Debug|Any CPU
		{BD2D7ED9-6EEF-42EE-816D-4B1C830A9AFA}.Release|Any CPU.ActiveCfg = Release|Any CPU
		{BD2D7ED9-6EEF-42EE-816D-4B1C830A9AFA}.Release|Any CPU.Build.0 = Release|Any CPU
	EndGlobalSection
	GlobalSection(SolutionProperties) = preSolution
		HideSolutionNode = FALSE
	EndGlobalSection
	GlobalSection(ExtensibilityGlobals) = postSolution
		SolutionGuid = {3C8D00D5-8EB5-4EEF-B9B1-5BE9DF3CA735}
	EndGlobalSection
EndGlobal
